{
  "name": "aw-node-runtime",
  "version": "1.0.0",
  "lockfileVersion": 2,
  "requires": true,
  "packages": {
    "": {
      "version": "1.0.0",
      "license": "ISC",
      "dependencies": {
        "micri": "^4.3.0"
      }
    },
    "node_modules/handler-agent": {
      "version": "0.2.0",
      "resolved": "https://registry.npmjs.org/handler-agent/-/handler-agent-0.2.0.tgz",
      "integrity": "sha512-cUduQxa5p3TFtGmb55mrRbkk/3EJCsLSeFrCIuTakQHQlYVWXeW2L9IUQUHyoHLI4UgpBNaN2JrZ0He1jPu+vg=="
    },
    "node_modules/micri": {
      "version": "4.3.0",
      "resolved": "https://registry.npmjs.org/micri/-/micri-4.3.0.tgz",
      "integrity": "sha512-HA18MgW0blRBDLDNUbpN1/O556n5se2gnD6NessxhryvM6qgtimINBlki4bi2ep4oU3LREwXUh+gGHW89i5QFQ==",
      "dependencies": {
        "handler-agent": "0.2.0"
      },
      "engines": {
        "node": ">= 12.0.0"
      }
    }
  },
  "dependencies": {
    "handler-agent": {
      "version": "0.2.0",
      "resolved": "https://registry.npmjs.org/handler-agent/-/handler-agent-0.2.0.tgz",
      "integrity": "sha512-cUduQxa5p3TFtGmb55mrRbkk/3EJCsLSeFrCIuTakQHQlYVWXeW2L9IUQUHyoHLI4UgpBNaN2JrZ0He1jPu+vg=="
    },
    "micri": {
      "version": "4.3.0",
      "resolved": "https://registry.npmjs.org/micri/-/micri-4.3.0.tgz",
      "integrity": "sha512-HA18MgW0blRBDLDNUbpN1/O556n5se2gnD6NessxhryvM6qgtimINBlki4bi2ep4oU3LREwXUh+gGHW89i5QFQ==",
      "requires": {
        "handler-agent": "0.2.0"
      }
    }
  }
}
